
Microsoft Visual Studio Solution File, Format Version 12.00
# Visual Studio 16
Project("{FAE04EC0-301F-11D3-BF4B-00C04F79EFBC}") = "Assembly-CSharp", "Assembly-CSharp.csproj", "{A3619938-506E-2550-91B6-6FD35843B749}"
EndProject
Global
	GlobalSection(SolutionConfigurationPlatforms) = preSolution
		Debug|Any CPU = Debug|Any CPU
		Release|Any CPU = Release|Any CPU
	EndGlobalSection
	GlobalSection(ProjectConfigurationPlatforms) = postSolution
		{A3619938-506E-2550-91B6-6FD35843B749}.Debug|Any CPU.ActiveCfg = Debug|Any CPU
		{A3619938-506E-2550-91B6-6FD35843B749}.Debug|Any CPU.Build.0 = Debug|Any CPU
		{A3619938-506E-2550-91B6-6FD35843B749}.Release|Any CPU.ActiveCfg = Release|Any CPU
		{A3619938-506E-2550-91B6-6FD35843B749}.Release|Any CPU.Build.0 = Release|Any CPU
	EndGlobalSection
	GlobalSection(SolutionProperties) = preSolution
		HideSolutionNode = FALSE
	EndGlobalSection
EndGlobal
