
Microsoft Visual Studio Solution File, Format Version 12.00
# Visual Studio 16
Project("{FAE04EC0-301F-11D3-BF4B-00C04F79EFBC}") = "Assembly-CSharp", "Assembly-CSharp.csproj", "{A20B44DA-B216-47C1-F70E-FD61F7106855}"
EndProject
Project("{FAE04EC0-301F-11D3-BF4B-00C04F79EFBC}") = "Assembly-CSharp-Editor", "Assembly-CSharp-Editor.csproj", "{97B46689-4EB9-7053-4F71-3FAE521CCD17}"
EndProject
Global
	GlobalSection(SolutionConfigurationPlatforms) = preSolution
		Debug|Any CPU = Debug|Any CPU
		Release|Any CPU = Release|Any CPU
	EndGlobalSection
	GlobalSection(ProjectConfigurationPlatforms) = postSolution
		{A20B44DA-B216-47C1-F70E-FD61F7106855}.Debug|Any CPU.ActiveCfg = Debug|Any CPU
		{A20B44DA-B216-47C1-F70E-FD61F7106855}.Debug|Any CPU.Build.0 = Debug|Any CPU
		{A20B44DA-B216-47C1-F70E-FD61F7106855}.Release|Any CPU.ActiveCfg = Release|Any CPU
		{A20B44DA-B216-47C1-F70E-FD61F7106855}.Release|Any CPU.Build.0 = Release|Any CPU
		{97B46689-4EB9-7053-4F71-3FAE521CCD17}.Debug|Any CPU.ActiveCfg = Debug|Any CPU
		{97B46689-4EB9-7053-4F71-3FAE521CCD17}.Debug|Any CPU.Build.0 = Debug|Any CPU
		{97B46689-4EB9-7053-4F71-3FAE521CCD17}.Release|Any CPU.ActiveCfg = Release|Any CPU
		{97B46689-4EB9-7053-4F71-3FAE521CCD17}.Release|Any CPU.Build.0 = Release|Any CPU
	EndGlobalSection
	GlobalSection(SolutionProperties) = preSolution
		HideSolutionNode = FALSE
	EndGlobalSection
EndGlobal
